{
  "name": "butane",
  "lockfileVersion": 3,
  "requires": true,
  "packages": {
    "": {
      "dependencies": {
        "@devcontainers/cli": "^0.64.0",
        "jsonc-parser": "^3.2.1"
      }
    },
    "node_modules/@devcontainers/cli": {
      "version": "0.64.0",
      "resolved": "https://registry.npmjs.org/@devcontainers/cli/-/cli-0.64.0.tgz",
      "integrity": "sha512-bK6ndZB0tIdgsiuxJ/6y0Yroi32Cby5OcD3jwGgMvpjs8Kk2t26AxKIKtEbKYIUeREbkR0/KxilpciJg/0dMbw==",
      "bin": {
        "devcontainer": "devcontainer.js"
      },
      "engines": {
        "node": "^16.13.0 || >=18.0.0"
      }
    },
    "node_modules/jsonc-parser": {
      "version": "3.2.1",
      "resolved": "https://registry.npmjs.org/jsonc-parser/-/jsonc-parser-3.2.1.tgz",
      "integrity": "sha512-AilxAyFOAcK5wA1+LeaySVBrHsGQvUFCDWXKpZjzaL0PqW+xfBOttn8GNtWKFWqneyMZj41MWF9Kl6iPWLwgOA=="
    }
  }
}
