{
  "name": "butane",
  "lockfileVersion": 3,
  "requires": true,
  "packages": {
    "": {
      "dependencies": {
        "@devcontainers/cli": "^0.80.2",
        "jsonc-parser": "^3.2.1"
      }
    },
    "node_modules/@devcontainers/cli": {
      "version": "0.80.2",
      "resolved": "https://registry.npmjs.org/@devcontainers/cli/-/cli-0.80.2.tgz",
      "integrity": "sha512-lBPrgwOwZZlo/Ypk1U51M2oR+zWg/iQlqInIFtGmn0lSg5qLIY2fNw3L0MhFfeMTFG82upzW8fXo7jYALYYq3w==",
      "license": "MIT",
      "bin": {
        "devcontainer": "devcontainer.js"
      },
      "engines": {
        "node": "^16.13.0 || >=18.0.0"
      }
    },
    "node_modules/jsonc-parser": {
      "version": "3.2.1",
      "resolved": "https://registry.npmjs.org/jsonc-parser/-/jsonc-parser-3.2.1.tgz",
      "integrity": "sha512-AilxAyFOAcK5wA1+LeaySVBrHsGQvUFCDWXKpZjzaL0PqW+xfBOttn8GNtWKFWqneyMZj41MWF9Kl6iPWLwgOA=="
    }
  }
}
